
Microsoft Visual Studio Solution File, Format Version 12.00
# Visual Studio 2013
VisualStudioVersion = 12.0.31101.0
MinimumVisualStudioVersion = 10.0.40219.1
Project("{FAE04EC0-301F-11D3-BF4B-00C04F79EFBC}") = "Quartz", "quartz_15\Quartz.csproj", "{E4DF9C06-D484-4030-882A-93B4980AE716}"
EndProject
Project("{E24C65DC-7377-472B-9ABA-BC803B73C61A}") = "www", "http://localhost:62828", "{53D2AC09-59D8-480D-B1BD-596F29BFCD14}"
	ProjectSection(WebsiteProperties) = preProject
		UseIISExpress = "true"
		TargetFrameworkMoniker = ".NETFramework,Version%3Dv4.0"
		Debug.AspNetCompiler.VirtualPath = "/localhost_62828"
		Debug.AspNetCompiler.PhysicalPath = "www\"
		Debug.AspNetCompiler.TargetPath = "PrecompiledWeb\localhost_62828\"
		Debug.AspNetCompiler.Updateable = "true"
		Debug.AspNetCompiler.ForceOverwrite = "true"
		Debug.AspNetCompiler.FixedNames = "false"
		Debug.AspNetCompiler.Debug = "True"
		Release.AspNetCompiler.VirtualPath = "/localhost_62828"
		Release.AspNetCompiler.PhysicalPath = "www\"
		Release.AspNetCompiler.TargetPath = "PrecompiledWeb\localhost_62828\"
		Release.AspNetCompiler.Updateable = "true"
		Release.AspNetCompiler.ForceOverwrite = "true"
		Release.AspNetCompiler.FixedNames = "false"
		Release.AspNetCompiler.Debug = "False"
		SlnRelativePath = "www\"
	EndProjectSection
EndProject
Global
	GlobalSection(SolutionConfigurationPlatforms) = preSolution
		Debug|Any CPU = Debug|Any CPU
		Release|Any CPU = Release|Any CPU
	EndGlobalSection
	GlobalSection(ProjectConfigurationPlatforms) = postSolution
		{E4DF9C06-D484-4030-882A-93B4980AE716}.Debug|Any CPU.ActiveCfg = Debug|Any CPU
		{E4DF9C06-D484-4030-882A-93B4980AE716}.Debug|Any CPU.Build.0 = Debug|Any CPU
		{E4DF9C06-D484-4030-882A-93B4980AE716}.Release|Any CPU.ActiveCfg = Release|Any CPU
		{E4DF9C06-D484-4030-882A-93B4980AE716}.Release|Any CPU.Build.0 = Release|Any CPU
		{53D2AC09-59D8-480D-B1BD-596F29BFCD14}.Debug|Any CPU.ActiveCfg = Debug|Any CPU
		{53D2AC09-59D8-480D-B1BD-596F29BFCD14}.Debug|Any CPU.Build.0 = Debug|Any CPU
		{53D2AC09-59D8-480D-B1BD-596F29BFCD14}.Release|Any CPU.ActiveCfg = Debug|Any CPU
		{53D2AC09-59D8-480D-B1BD-596F29BFCD14}.Release|Any CPU.Build.0 = Debug|Any CPU
	EndGlobalSection
	GlobalSection(SolutionProperties) = preSolution
		HideSolutionNode = FALSE
	EndGlobalSection
EndGlobal
